{
  "lockfileVersion": 1,
  "workspaces": {
    "": {
      "name": "bun-react-template",
      "dependencies": {
        "glamor": "^2.20.40",
        "lodash": "^4.17.21",
        "prosemirror-commands": "^1.3.0",
        "prosemirror-dropcursor": "^1.5.0",
        "prosemirror-example-setup": "^1.2.1",
        "prosemirror-gapcursor": "^1.3.1",
        "prosemirror-history": "^1.3.0",
        "prosemirror-inputrules": "^1.2.0",
        "prosemirror-keymap": "^1.2.0",
        "prosemirror-mentions": "^1.0.2",
        "prosemirror-model": "^1.18.1",
        "prosemirror-schema-basic": "^1.2.0",
        "prosemirror-schema-list": "^1.2.0",
        "prosemirror-state": "^1.4.1",
        "prosemirror-transform": "^1.6.0",
        "prosemirror-view": "^1.26.5",
        "react": "^19",
        "react-dom": "^19",
        "react-router-dom": "^7.6.0",
      },
      "devDependencies": {
        "@types/bun": "latest",
        "@types/lodash": "^4.14.182",
        "@types/prosemirror-commands": "^1.0.4",
        "@types/prosemirror-dropcursor": "^1.0.3",
        "@types/prosemirror-gapcursor": "^1.0.4",
        "@types/prosemirror-history": "^1.0.3",
        "@types/prosemirror-inputrules": "^1.0.4",
        "@types/prosemirror-keymap": "^1.0.4",
        "@types/prosemirror-model": "^1.16.2",
        "@types/prosemirror-schema-basic": "^1.0.2",
        "@types/prosemirror-state": "^1.3.0",
        "@types/prosemirror-transform": "^1.4.2",
        "@types/prosemirror-view": "^1.23.3",
        "@types/react": "^19",
        "@types/react-dom": "^19",
        "typescript": "^5.8.3",
      },
    },
  },
  "packages": {
    "@types/bun": ["@types/bun@1.2.13", "", { "dependencies": { "bun-types": "1.2.13" } }, "sha512-u6vXep/i9VBxoJl3GjZsl/BFIsvML8DfVDO0RYLEwtSZSp981kEO1V5NwRcO1CPJ7AmvpbnDCiMKo3JvbDEjAg=="],

    "@types/lodash": ["@types/lodash@4.17.17", "", {}, "sha512-RRVJ+J3J+WmyOTqnz3PiBLA501eKwXl2noseKOrNo/6+XEHjTAxO4xHvxQB6QuNm+s4WRbn6rSiap8+EA+ykFQ=="],

    "@types/node": ["@types/node@22.15.21", "", { "dependencies": { "undici-types": "~6.21.0" } }, "sha512-EV/37Td6c+MgKAbkcLG6vqZ2zEYHD7bvSrzqqs2RIhbA6w3x+Dqz8MZM3sP6kGTeLrdoOgKZe+Xja7tUB2DNkQ=="],

    "@types/prosemirror-commands": ["@types/prosemirror-commands@1.3.0", "", { "dependencies": { "prosemirror-commands": "*" } }, "sha512-3UV4Pk4WRhrU7sGI5q/DAFS0DDIWYdaJwFqgrCblYRSOrJDLU8GIaZK5GmUaZtYF07E29XMKo9D2cDDh5pZBGg=="],

    "@types/prosemirror-dropcursor": ["@types/prosemirror-dropcursor@1.5.0", "", { "dependencies": { "prosemirror-dropcursor": "*" } }, "sha512-Xa13THoY0YkvYP/peH995ahT79w3ErdsmFUIaTY21nshxxnn5mdSgG+RTpkqXwZ85v+n28MvNfLF2gm+c8RZ1A=="],

    "@types/prosemirror-gapcursor": ["@types/prosemirror-gapcursor@1.3.0", "", { "dependencies": { "prosemirror-gapcursor": "*" } }, "sha512-KbZbwrr2i6+AAOtTTQhbgXlAL1ZTY+FE8PsGz4vqRLeS4ow7sppdI3oHGMn0xmCgqXI+ajEDYENKHUQ2WZkXew=="],

    "@types/prosemirror-history": ["@types/prosemirror-history@1.3.0", "", { "dependencies": { "prosemirror-history": "*" } }, "sha512-Cs3jtZvk+9N5ygsry2gEwkgMq11YwSFaChoxIRq75nGbDp8ZVAiYEqF6iAunsrExQC3zh0ojmf+XxP5X3j2Ztw=="],

    "@types/prosemirror-inputrules": ["@types/prosemirror-inputrules@1.2.0", "", { "dependencies": { "prosemirror-inputrules": "*" } }, "sha512-N30wadmd6uVnGR97JvX2mEOEoqsLr/nv96SkTb3JKfTLqtdLW6UHjDf3fiOPPQkj2hMqhS9ENnsIbDKfsYrSdw=="],

    "@types/prosemirror-keymap": ["@types/prosemirror-keymap@1.2.0", "", { "dependencies": { "prosemirror-keymap": "*" } }, "sha512-Vv/hOlNsDBOkqmxWUjgK7Ch5mFNRnvG88mfl2WhLFp4awdg3oQiZeTPN0wosWSO4mpK9aAWtZEhvJ/639HTLTQ=="],

    "@types/prosemirror-model": ["@types/prosemirror-model@1.17.0", "", { "dependencies": { "prosemirror-model": "*" } }, "sha512-lG5xEMkE8r8Soa80KdWPTbCLUaSHBHVHpTIEsQiebfONpvmS5061IMGzHUdb1oWjgrwh8EJq0GgMNwXHUx5mVg=="],

    "@types/prosemirror-schema-basic": ["@types/prosemirror-schema-basic@1.2.0", "", { "dependencies": { "prosemirror-schema-basic": "*" } }, "sha512-WrQLRv3Ss48e2XBnocoZNMLw3xZwiW2cSjPvrZ/Ui6PicAMsabkb6EKTdLU0B52LuQjShNPtq0tFejrbLOMbpQ=="],

    "@types/prosemirror-state": ["@types/prosemirror-state@1.4.0", "", { "dependencies": { "prosemirror-state": "*" } }, "sha512-71epLy1HD2H7Qn6iOoQrFdbdFP32Cg5U7OvlCXMuYO8ygUdz07dfqA1lNj1y+KLf3HkRCXVkfvi3OnNa/tFZ3A=="],

    "@types/prosemirror-transform": ["@types/prosemirror-transform@1.5.0", "", { "dependencies": { "prosemirror-transform": "*" } }, "sha512-++krMS5bt3SxNOqjrftispPLRkvfXXw2BtVq4VPJ8Vpf+Sne1MhxVoj0EFCM+14MFlX0EHYQvX3k9AaQzob9ZQ=="],

    "@types/prosemirror-view": ["@types/prosemirror-view@1.24.0", "", { "dependencies": { "prosemirror-view": "*" } }, "sha512-Swn08/O+QIOKOSfFFa+KKF19eeHetwA+pBMAHZ7wbF0wPrMS3zJ+G9wbOGqSkUv6JOVpuhlOP8Xg5nA3MyIXgQ=="],

    "@types/react": ["@types/react@19.1.5", "", { "dependencies": { "csstype": "^3.0.2" } }, "sha512-piErsCVVbpMMT2r7wbawdZsq4xMvIAhQuac2gedQHysu1TZYEigE6pnFfgZT+/jQnrRuF5r+SHzuehFjfRjr4g=="],

    "@types/react-dom": ["@types/react-dom@19.1.5", "", { "peerDependencies": { "@types/react": "^19.0.0" } }, "sha512-CMCjrWucUBZvohgZxkjd6S9h0nZxXjzus6yDfUb+xLxYM7VvjKNH1tQrE9GWLql1XoOP4/Ds3bwFqShHUYraGg=="],

    "asap": ["asap@2.0.6", "", {}, "sha512-BSHWgDSAiKs50o2Re8ppvp3seVHXSRM44cdSsT9FfNEUUZLOGWVCsiWaRPWM1Znn+mqZ1OfVZ3z3DWEzSp7hRA=="],

    "bowser": ["bowser@1.9.4", "", {}, "sha512-9IdMmj2KjigRq6oWhmwv1W36pDuA4STQZ8q6YO9um+x07xgYNCD3Oou+WP/3L1HNz7iqythGet3/p4wvc8AAwQ=="],

    "bun-types": ["bun-types@1.2.13", "", { "dependencies": { "@types/node": "*" } }, "sha512-rRjA1T6n7wto4gxhAO/ErZEtOXyEZEmnIHQfl0Dt1QQSB4QV0iP6BZ9/YB5fZaHFQ2dwHFrmPaRQ9GGMX01k9Q=="],

    "cookie": ["cookie@1.0.2", "", {}, "sha512-9Kr/j4O16ISv8zBBhJoi4bXOYNTkFLOqSL3UDB0njXxCXNezjeyVrJyGOWtgfs/q2km1gwBcfH8q1yEGoMYunA=="],

    "core-js": ["core-js@1.2.7", "", {}, "sha512-ZiPp9pZlgxpWRu0M+YWbm6+aQ84XEfH1JRXvfOc/fILWI0VKhLC2LX13X1NYq4fULzLMq7Hfh43CSo2/aIaUPA=="],

    "crelt": ["crelt@1.0.6", "", {}, "sha512-VQ2MBenTq1fWZUH9DJNGti7kKv6EeAuYr3cLwxUWhIu1baTaXh4Ib5W2CqHVqib4/MqbYGJqiL3Zb8GJZr3l4g=="],

    "css-in-js-utils": ["css-in-js-utils@2.0.1", "", { "dependencies": { "hyphenate-style-name": "^1.0.2", "isobject": "^3.0.1" } }, "sha512-PJF0SpJT+WdbVVt0AOYp9C8GnuruRlL/UFW7932nLWmFLQTaWEzTBQEx7/hn4BuV+WON75iAViSUJLiU3PKbpA=="],

    "csstype": ["csstype@3.1.3", "", {}, "sha512-M1uQkMl8rQK/szD0LNhtqxIPLpimGm8sOBwU7lLnCpSbTyY3yeU1Vc7l4KT5zT4s/yOxHH5O7tIuuLOCnLADRw=="],

    "encoding": ["encoding@0.1.13", "", { "dependencies": { "iconv-lite": "^0.6.2" } }, "sha512-ETBauow1T35Y/WZMkio9jiM0Z5xjHHmJ4XmjZOq1l/dXz3lr2sRn87nJy20RupqSh1F2m3HHPSp8ShIPQJrJ3A=="],

    "fbjs": ["fbjs@0.8.18", "", { "dependencies": { "core-js": "^1.0.0", "isomorphic-fetch": "^2.1.1", "loose-envify": "^1.0.0", "object-assign": "^4.1.0", "promise": "^7.1.1", "setimmediate": "^1.0.5", "ua-parser-js": "^0.7.30" } }, "sha512-EQaWFK+fEPSoibjNy8IxUtaFOMXcWsY0JaVrQoZR9zC8N2Ygf9iDITPWjUTVIax95b6I742JFLqASHfsag/vKA=="],

    "glamor": ["glamor@2.20.40", "", { "dependencies": { "fbjs": "^0.8.12", "inline-style-prefixer": "^3.0.6", "object-assign": "^4.1.1", "prop-types": "^15.5.10", "through": "^2.3.8" } }, "sha512-DNXCd+c14N9QF8aAKrfl4xakPk5FdcFwmH7sD0qnC0Pr7xoZ5W9yovhUrY/dJc3psfGGXC58vqQyRtuskyUJxA=="],

    "hyphenate-style-name": ["hyphenate-style-name@1.1.0", "", {}, "sha512-WDC/ui2VVRrz3jOVi+XtjqkDjiVjTtFaAGiW37k6b+ohyQ5wYDOGkvCZa8+H0nx3gyvv0+BST9xuOgIyGQ00gw=="],

    "iconv-lite": ["iconv-lite@0.6.3", "", { "dependencies": { "safer-buffer": ">= 2.1.2 < 3.0.0" } }, "sha512-4fCk79wshMdzMp2rH06qWrJE4iolqLhCUH+OiuIgU++RB0+94NlDL81atO7GX55uUKueo0txHNtvEyI6D7WdMw=="],

    "inline-style-prefixer": ["inline-style-prefixer@3.0.8", "", { "dependencies": { "bowser": "^1.7.3", "css-in-js-utils": "^2.0.0" } }, "sha512-ne8XIyyqkRaNJ1JfL1NYzNdCNxq+MCBQhC8NgOQlzNm2vv3XxlP0VSLQUbSRCF6KPEoveCVEpayHoHzcMyZsMQ=="],

    "is-stream": ["is-stream@1.1.0", "", {}, "sha512-uQPm8kcs47jx38atAcWTVxyltQYoPT68y9aWYdV6yWXSyW8mzSat0TL6CiWdZeCdF3KrAvpVtnHbTv4RN+rqdQ=="],

    "isobject": ["isobject@3.0.1", "", {}, "sha512-WhB9zCku7EGTj/HQQRz5aUQEUeoQZH2bWcltRErOpymJ4boYE6wL9Tbr23krRPSZ+C5zqNSrSw+Cc7sZZ4b7vg=="],

    "isomorphic-fetch": ["isomorphic-fetch@2.2.1", "", { "dependencies": { "node-fetch": "^1.0.1", "whatwg-fetch": ">=0.10.0" } }, "sha512-9c4TNAKYXM5PRyVcwUZrF3W09nQ+sO7+jydgs4ZGW9dhsLG2VOlISJABombdQqQRXCwuYG3sYV/puGf5rp0qmA=="],

    "js-tokens": ["js-tokens@4.0.0", "", {}, "sha512-RdJUflcE3cUzKiMqQgsCu06FPu9UdIJO0beYbPhHN4k6apgJtifcoCtT9bcxOpYBtpD2kCM6Sbzg4CausW/PKQ=="],

    "lodash": ["lodash@4.17.21", "", {}, "sha512-v2kDEe57lecTulaDIuNTPy3Ry4gLGJ6Z1O3vE1krgXZNrsQ+LFTGHVxVjcXPs17LhbZVGedAJv8XZ1tvj5FvSg=="],

    "loose-envify": ["loose-envify@1.4.0", "", { "dependencies": { "js-tokens": "^3.0.0 || ^4.0.0" }, "bin": { "loose-envify": "cli.js" } }, "sha512-lyuxPGr/Wfhrlem2CL/UcnUc1zcqKAImBDzukY7Y5F/yQiNdko6+fRLevlw1HgMySw7f611UIY408EtxRSoK3Q=="],

    "node-fetch": ["node-fetch@1.7.3", "", { "dependencies": { "encoding": "^0.1.11", "is-stream": "^1.0.1" } }, "sha512-NhZ4CsKx7cYm2vSrBAr2PvFOe6sWDf0UYLRqA6svUYg7+/TSfVAu49jYC4BvQ4Sms9SZgdqGBgroqfDhJdTyKQ=="],

    "object-assign": ["object-assign@4.1.1", "", {}, "sha512-rJgTQnkUnH1sFw8yT6VSU3zD3sWmu6sZhIseY8VX+GRu3P6F7Fu+JNDoXfklElbLJSnc3FUQHVe4cU5hj+BcUg=="],

    "orderedmap": ["orderedmap@2.1.1", "", {}, "sha512-TvAWxi0nDe1j/rtMcWcIj94+Ffe6n7zhow33h40SKxmsmozs6dz/e+EajymfoFcHd7sxNn8yHM8839uixMOV6g=="],

    "promise": ["promise@7.3.1", "", { "dependencies": { "asap": "~2.0.3" } }, "sha512-nolQXZ/4L+bP/UGlkfaIujX9BKxGwmQ9OT4mOt5yvy8iK1h3wqTEJCijzGANTCCl9nWjY41juyAn2K3Q1hLLTg=="],

    "prop-types": ["prop-types@15.8.1", "", { "dependencies": { "loose-envify": "^1.4.0", "object-assign": "^4.1.1", "react-is": "^16.13.1" } }, "sha512-oj87CgZICdulUohogVAR7AjlC0327U4el4L6eAvOqCeudMDVU0NThNaV+b9Df4dXgSP1gXMTnPdhfe/2qDH5cg=="],

    "prosemirror-commands": ["prosemirror-commands@1.7.1", "", { "dependencies": { "prosemirror-model": "^1.0.0", "prosemirror-state": "^1.0.0", "prosemirror-transform": "^1.10.2" } }, "sha512-rT7qZnQtx5c0/y/KlYaGvtG411S97UaL6gdp6RIZ23DLHanMYLyfGBV5DtSnZdthQql7W+lEVbpSfwtO8T+L2w=="],

    "prosemirror-dropcursor": ["prosemirror-dropcursor@1.8.2", "", { "dependencies": { "prosemirror-state": "^1.0.0", "prosemirror-transform": "^1.1.0", "prosemirror-view": "^1.1.0" } }, "sha512-CCk6Gyx9+Tt2sbYk5NK0nB1ukHi2ryaRgadV/LvyNuO3ena1payM2z6Cg0vO1ebK8cxbzo41ku2DE5Axj1Zuiw=="],

    "prosemirror-example-setup": ["prosemirror-example-setup@1.2.3", "", { "dependencies": { "prosemirror-commands": "^1.0.0", "prosemirror-dropcursor": "^1.0.0", "prosemirror-gapcursor": "^1.0.0", "prosemirror-history": "^1.0.0", "prosemirror-inputrules": "^1.0.0", "prosemirror-keymap": "^1.0.0", "prosemirror-menu": "^1.0.0", "prosemirror-schema-list": "^1.0.0", "prosemirror-state": "^1.0.0" } }, "sha512-+hXZi8+xbFvYM465zZH3rdZ9w7EguVKmUYwYLZjIJIjPK+I0nPTwn8j0ByW2avchVczRwZmOJGNvehblyIerSQ=="],

    "prosemirror-gapcursor": ["prosemirror-gapcursor@1.3.2", "", { "dependencies": { "prosemirror-keymap": "^1.0.0", "prosemirror-model": "^1.0.0", "prosemirror-state": "^1.0.0", "prosemirror-view": "^1.0.0" } }, "sha512-wtjswVBd2vaQRrnYZaBCbyDqr232Ed4p2QPtRIUK5FuqHYKGWkEwl08oQM4Tw7DOR0FsasARV5uJFvMZWxdNxQ=="],

    "prosemirror-history": ["prosemirror-history@1.4.1", "", { "dependencies": { "prosemirror-state": "^1.2.2", "prosemirror-transform": "^1.0.0", "prosemirror-view": "^1.31.0", "rope-sequence": "^1.3.0" } }, "sha512-2JZD8z2JviJrboD9cPuX/Sv/1ChFng+xh2tChQ2X4bB2HeK+rra/bmJ3xGntCcjhOqIzSDG6Id7e8RJ9QPXLEQ=="],

    "prosemirror-inputrules": ["prosemirror-inputrules@1.5.0", "", { "dependencies": { "prosemirror-state": "^1.0.0", "prosemirror-transform": "^1.0.0" } }, "sha512-K0xJRCmt+uSw7xesnHmcn72yBGTbY45vm8gXI4LZXbx2Z0jwh5aF9xrGQgrVPu0WbyFVFF3E/o9VhJYz6SQWnA=="],

    "prosemirror-keymap": ["prosemirror-keymap@1.2.3", "", { "dependencies": { "prosemirror-state": "^1.0.0", "w3c-keyname": "^2.2.0" } }, "sha512-4HucRlpiLd1IPQQXNqeo81BGtkY8Ai5smHhKW9jjPKRc2wQIxksg7Hl1tTI2IfT2B/LgX6bfYvXxEpJl7aKYKw=="],

    "prosemirror-mentions": ["prosemirror-mentions@1.0.2", "", { "peerDependencies": { "prosemirror-state": "^1.2.2", "prosemirror-view": "^1.4.2" } }, "sha512-d9O1IT69NQvASN4K+/ki5FaiAs5yK5qnueZiRHtlnsy80V74hVINIdDp2HQkFM26/TLZ4xbkjXTakjv4X4ZRiQ=="],

    "prosemirror-menu": ["prosemirror-menu@1.2.5", "", { "dependencies": { "crelt": "^1.0.0", "prosemirror-commands": "^1.0.0", "prosemirror-history": "^1.0.0", "prosemirror-state": "^1.0.0" } }, "sha512-qwXzynnpBIeg1D7BAtjOusR+81xCp53j7iWu/IargiRZqRjGIlQuu1f3jFi+ehrHhWMLoyOQTSRx/IWZJqOYtQ=="],

    "prosemirror-model": ["prosemirror-model@1.25.1", "", { "dependencies": { "orderedmap": "^2.0.0" } }, "sha512-AUvbm7qqmpZa5d9fPKMvH1Q5bqYQvAZWOGRvxsB6iFLyycvC9MwNemNVjHVrWgjaoxAfY8XVg7DbvQ/qxvI9Eg=="],

    "prosemirror-schema-basic": ["prosemirror-schema-basic@1.2.4", "", { "dependencies": { "prosemirror-model": "^1.25.0" } }, "sha512-ELxP4TlX3yr2v5rM7Sb70SqStq5NvI15c0j9j/gjsrO5vaw+fnnpovCLEGIcpeGfifkuqJwl4fon6b+KdrODYQ=="],

    "prosemirror-schema-list": ["prosemirror-schema-list@1.5.1", "", { "dependencies": { "prosemirror-model": "^1.0.0", "prosemirror-state": "^1.0.0", "prosemirror-transform": "^1.7.3" } }, "sha512-927lFx/uwyQaGwJxLWCZRkjXG0p48KpMj6ueoYiu4JX05GGuGcgzAy62dfiV8eFZftgyBUvLx76RsMe20fJl+Q=="],

    "prosemirror-state": ["prosemirror-state@1.4.3", "", { "dependencies": { "prosemirror-model": "^1.0.0", "prosemirror-transform": "^1.0.0", "prosemirror-view": "^1.27.0" } }, "sha512-goFKORVbvPuAQaXhpbemJFRKJ2aixr+AZMGiquiqKxaucC6hlpHNZHWgz5R7dS4roHiwq9vDctE//CZ++o0W1Q=="],

    "prosemirror-transform": ["prosemirror-transform@1.10.4", "", { "dependencies": { "prosemirror-model": "^1.21.0" } }, "sha512-pwDy22nAnGqNR1feOQKHxoFkkUtepoFAd3r2hbEDsnf4wp57kKA36hXsB3njA9FtONBEwSDnDeCiJe+ItD+ykw=="],

    "prosemirror-view": ["prosemirror-view@1.39.3", "", { "dependencies": { "prosemirror-model": "^1.20.0", "prosemirror-state": "^1.0.0", "prosemirror-transform": "^1.1.0" } }, "sha512-bY/7kg0LzRE7ytR0zRdSMWX3sknEjw68l836ffLPMh0OG3OYnNuBDUSF3v0vjvnzgYjgY9ZH/RypbARURlcMFA=="],

    "react": ["react@19.1.0", "", {}, "sha512-FS+XFBNvn3GTAWq26joslQgWNoFu08F4kl0J4CgdNKADkdSGXQyTCnKteIAJy96Br6YbpEU1LSzV5dYtjMkMDg=="],

    "react-dom": ["react-dom@19.1.0", "", { "dependencies": { "scheduler": "^0.26.0" }, "peerDependencies": { "react": "^19.1.0" } }, "sha512-Xs1hdnE+DyKgeHJeJznQmYMIBG3TKIHJJT95Q58nHLSrElKlGQqDTR2HQ9fx5CN/Gk6Vh/kupBTDLU11/nDk/g=="],

    "react-is": ["react-is@16.13.1", "", {}, "sha512-24e6ynE2H+OKt4kqsOvNd8kBpV65zoxbA4BVsEOB3ARVWQki/DHzaUoC5KuON/BiccDaCCTZBuOcfZs70kR8bQ=="],

    "react-router": ["react-router@7.6.0", "", { "dependencies": { "cookie": "^1.0.1", "set-cookie-parser": "^2.6.0" }, "peerDependencies": { "react": ">=18", "react-dom": ">=18" }, "optionalPeers": ["react-dom"] }, "sha512-GGufuHIVCJDbnIAXP3P9Sxzq3UUsddG3rrI3ut1q6m0FI6vxVBF3JoPQ38+W/blslLH4a5Yutp8drkEpXoddGQ=="],

    "react-router-dom": ["react-router-dom@7.6.0", "", { "dependencies": { "react-router": "7.6.0" }, "peerDependencies": { "react": ">=18", "react-dom": ">=18" } }, "sha512-DYgm6RDEuKdopSyGOWZGtDfSm7Aofb8CCzgkliTjtu/eDuB0gcsv6qdFhhi8HdtmA+KHkt5MfZ5K2PdzjugYsA=="],

    "rope-sequence": ["rope-sequence@1.3.4", "", {}, "sha512-UT5EDe2cu2E/6O4igUr5PSFs23nvvukicWHx6GnOPlHAiiYbzNuCRQCuiUdHJQcqKalLKlrYJnjY0ySGsXNQXQ=="],

    "safer-buffer": ["safer-buffer@2.1.2", "", {}, "sha512-YZo3K82SD7Riyi0E1EQPojLz7kpepnSQI9IyPbHHg1XXXevb5dJI7tpyN2ADxGcQbHG7vcyRHk0cbwqcQriUtg=="],

    "scheduler": ["scheduler@0.26.0", "", {}, "sha512-NlHwttCI/l5gCPR3D1nNXtWABUmBwvZpEQiD4IXSbIDq8BzLIK/7Ir5gTFSGZDUu37K5cMNp0hFtzO38sC7gWA=="],

    "set-cookie-parser": ["set-cookie-parser@2.7.1", "", {}, "sha512-IOc8uWeOZgnb3ptbCURJWNjWUPcO3ZnTTdzsurqERrP6nPyv+paC55vJM0LpOlT2ne+Ix+9+CRG1MNLlyZ4GjQ=="],

    "setimmediate": ["setimmediate@1.0.5", "", {}, "sha512-MATJdZp8sLqDl/68LfQmbP8zKPLQNV6BIZoIgrscFDQ+RsvK/BxeDQOgyxKKoh0y/8h3BqVFnCqQ/gd+reiIXA=="],

    "through": ["through@2.3.8", "", {}, "sha512-w89qg7PI8wAdvX60bMDP+bFoD5Dvhm9oLheFp5O4a2QF0cSBGsBX4qZmadPMvVqlLJBBci+WqGGOAPvcDeNSVg=="],

    "typescript": ["typescript@5.8.3", "", { "bin": { "tsc": "bin/tsc", "tsserver": "bin/tsserver" } }, "sha512-p1diW6TqL9L07nNxvRMM7hMMw4c5XOo/1ibL4aAIGmSAt9slTE1Xgw5KWuof2uTOvCg9BY7ZRi+GaF+7sfgPeQ=="],

    "ua-parser-js": ["ua-parser-js@0.7.40", "", { "bin": { "ua-parser-js": "script/cli.js" } }, "sha512-us1E3K+3jJppDBa3Tl0L3MOJiGhe1C6P0+nIvQAFYbxlMAx0h81eOwLmU57xgqToduDDPx3y5QsdjPfDu+FgOQ=="],

    "undici-types": ["undici-types@6.21.0", "", {}, "sha512-iwDZqg0QAGrg9Rav5H4n0M64c3mkR59cJ6wQp+7C4nI0gsmExaedaYLNO44eT4AtBBwjbTiGPMlt2Md0T9H9JQ=="],

    "w3c-keyname": ["w3c-keyname@2.2.8", "", {}, "sha512-dpojBhNsCNN7T82Tm7k26A6G9ML3NkhDsnw9n/eoxSRlVBB4CEtIQ/KTCLI2Fwf3ataSXRhYFkQi3SlnFwPvPQ=="],

    "whatwg-fetch": ["whatwg-fetch@3.6.20", "", {}, "sha512-EqhiFU6daOA8kpjOWTL0olhVOF3i7OrFzSYiGsEMB8GcXS+RrzauAERX65xMeNWVqxA6HXH2m69Z9LaKKdisfg=="],
  }
}
